<?xml version="1.0" encoding="utf-8"?>
<Project ToolsVersion="4.0" xmlns="http://schemas.microsoft.com/developer/msbuild/2003">
  <ItemGroup>
    <Filter Include="소스 파일">
      <UniqueIdentifier>{4FC737F1-C7A5-4376-A066-2A32D752A2FF}</UniqueIdentifier>
      <Extensions>cpp;c;cc;cxx;def;odl;idl;hpj;bat;asm;asmx</Extensions>
    </Filter>
    <Filter Include="헤더 파일">
      <UniqueIdentifier>{93995380-89BD-4b04-88EB-625FBE52EBFB}</UniqueIdentifier>
      <Extensions>h;hh;hpp;hxx;hm;inl;inc;ipp;xsd</Extensions>
    </Filter>
    <Filter Include="리소스 파일">
      <UniqueIdentifier>{67DA6AB6-F800-4c08-8B7A-83BB121AAD01}</UniqueIdentifier>
      <Extensions>rc;ico;cur;bmp;dlg;rc2;rct;bin;rgs;gif;jpg;jpeg;jpe;resx;tiff;tif;png;wav;mfcribbon-ms</Extensions>
    </Filter>
    <Filter Include="2DGameFramework">
      <UniqueIdentifier>{d4228325-ab86-4575-8d38-59949d73a0ec}</UniqueIdentifier>
    </Filter>
    <Filter Include="playGround">
      <UniqueIdentifier>{84513b37-b08c-49e4-bd15-6f8f6752b18e}</UniqueIdentifier>
    </Filter>
    <Filter Include="2DGameFramework\SingletonBase">
      <UniqueIdentifier>{8785790c-f93f-411d-90ff-bd2e05bd6334}</UniqueIdentifier>
    </Filter>
    <Filter Include="2DGameFramework\Manager">
      <UniqueIdentifier>{ddfb3dc3-ec5a-4752-880c-db14429b78a1}</UniqueIdentifier>
    </Filter>
    <Filter Include="2DGameFramework\image">
      <UniqueIdentifier>{73affc36-76a7-43ee-9dc2-13a65e5a5209}</UniqueIdentifier>
    </Filter>
    <Filter Include="2DGameFramework\Utils">
      <UniqueIdentifier>{dbe4a488-41b4-49cf-8cff-49dbace1d532}</UniqueIdentifier>
    </Filter>
    <Filter Include="2DGameFramework\progressBar">
      <UniqueIdentifier>{9a0b5f25-5b01-4b62-adf0-250e9c46acef}</UniqueIdentifier>
    </Filter>
    <Filter Include="2DGameFramework\txtData">
      <UniqueIdentifier>{b0748259-6cd0-418a-aed2-412f85d75813}</UniqueIdentifier>
    </Filter>
    <Filter Include="2DGameFramework\timer">
      <UniqueIdentifier>{51ba2134-09a6-4e4a-a113-fec61f8f954a}</UniqueIdentifier>
    </Filter>
    <Filter Include="2DGameFramework\animation">
      <UniqueIdentifier>{fb20fc3d-f78c-4396-a07a-e840a861adde}</UniqueIdentifier>
    </Filter>
    <Filter Include="2DGameFramework\effect">
      <UniqueIdentifier>{636d27ed-03a5-48da-b1cf-b7f6dad3d4bf}</UniqueIdentifier>
    </Filter>
    <Filter Include="2DGameFramework\button">
      <UniqueIdentifier>{b7791ec8-fe24-492e-8f07-027666d89aba}</UniqueIdentifier>
    </Filter>
    <Filter Include="2DGameFramework\action">
      <UniqueIdentifier>{936fa078-09d7-4d41-8553-9de447d9f438}</UniqueIdentifier>
    </Filter>
    <Filter Include="playGround\stage">
      <UniqueIdentifier>{a8ab05e7-9736-4193-8df4-54a1826036d5}</UniqueIdentifier>
    </Filter>
    <Filter Include="playGround\player">
      <UniqueIdentifier>{c0bb14e0-6395-41f3-924c-f6c4a72fdc99}</UniqueIdentifier>
    </Filter>
    <Filter Include="playGround\enemy">
      <UniqueIdentifier>{7e4b48db-167a-4d92-8647-5b7ede38663d}</UniqueIdentifier>
    </Filter>
    <Filter Include="playGround\UI">
      <UniqueIdentifier>{0a07f0f6-202b-4ef0-8552-f30f94d250bd}</UniqueIdentifier>
    </Filter>
    <Filter Include="playGround\player\state">
      <UniqueIdentifier>{66bf39bb-d7fc-4f0f-a4db-e1ffc4b5127e}</UniqueIdentifier>
    </Filter>
    <Filter Include="playGround\scene">
      <UniqueIdentifier>{11ff75c0-70eb-40e0-a653-4ae6119d674a}</UniqueIdentifier>
    </Filter>
    <Filter Include="2DGameFramework\video">
      <UniqueIdentifier>{23fda1d6-d643-40b5-8bfb-7c67f1566c37}</UniqueIdentifier>
    </Filter>
    <Filter Include="playGround\txt">
      <UniqueIdentifier>{268a6713-7562-4b62-85ce-ae3d2d7ad2b8}</UniqueIdentifier>
    </Filter>
  </ItemGroup>
  <ItemGroup>
    <ClInclude Include="stdafx.h">
      <Filter>헤더 파일</Filter>
    </ClInclude>
    <ClInclude Include="targetver.h">
      <Filter>헤더 파일</Filter>
    </ClInclude>
    <ClInclude Include="Resource.h">
      <Filter>헤더 파일</Filter>
    </ClInclude>
    <ClInclude Include="commonMacroFunction.h">
      <Filter>헤더 파일</Filter>
    </ClInclude>
    <ClInclude Include="gameNode.h">
      <Filter>2DGameFramework</Filter>
    </ClInclude>
    <ClInclude Include="playGround.h">
      <Filter>playGround</Filter>
    </ClInclude>
    <ClInclude Include="singletonBase.h">
      <Filter>2DGameFramework\SingletonBase</Filter>
    </ClInclude>
    <ClInclude Include="randomFunction.h">
      <Filter>헤더 파일</Filter>
    </ClInclude>
    <ClInclude Include="keyManager.h">
      <Filter>2DGameFramework\Manager</Filter>
    </ClInclude>
    <ClInclude Include="image.h">
      <Filter>2DGameFramework\image</Filter>
    </ClInclude>
    <ClInclude Include="utils.h">
      <Filter>2DGameFramework\Utils</Filter>
    </ClInclude>
    <ClInclude Include="imageManager.h">
      <Filter>2DGameFramework\Manager</Filter>
    </ClInclude>
    <ClInclude Include="progressBar.h">
      <Filter>2DGameFramework\progressBar</Filter>
    </ClInclude>
    <ClInclude Include="txtData.h">
      <Filter>2DGameFramework\txtData</Filter>
    </ClInclude>
    <ClInclude Include="timer.h">
      <Filter>2DGameFramework\timer</Filter>
    </ClInclude>
    <ClInclude Include="timeManager.h">
      <Filter>2DGameFramework\Manager</Filter>
    </ClInclude>
    <ClInclude Include="animation.h">
      <Filter>2DGameFramework\animation</Filter>
    </ClInclude>
    <ClInclude Include="effect.h">
      <Filter>2DGameFramework\effect</Filter>
    </ClInclude>
    <ClInclude Include="effectManager.h">
      <Filter>2DGameFramework\Manager</Filter>
    </ClInclude>
    <ClInclude Include="sceneManager.h">
      <Filter>2DGameFramework\Manager</Filter>
    </ClInclude>
    <ClInclude Include="soundManager.h">
      <Filter>2DGameFramework\Manager</Filter>
    </ClInclude>
    <ClInclude Include="button.h">
      <Filter>2DGameFramework\button</Filter>
    </ClInclude>
    <ClInclude Include="action.h">
      <Filter>2DGameFramework\action</Filter>
    </ClInclude>
    <ClInclude Include="keyAniManager.h">
      <Filter>2DGameFramework\Manager</Filter>
    </ClInclude>
    <ClInclude Include="iniDataManager.h">
      <Filter>2DGameFramework\Manager</Filter>
    </ClInclude>
    <ClInclude Include="testScene.h">
      <Filter>playGround\stage</Filter>
    </ClInclude>
    <ClInclude Include="player.h">
      <Filter>playGround\player</Filter>
    </ClInclude>
    <ClInclude Include="renderManager.h">
      <Filter>2DGameFramework\Manager</Filter>
    </ClInclude>
    <ClInclude Include="stage_3rdFloor_Corridor.h">
      <Filter>playGround\stage</Filter>
    </ClInclude>
    <ClInclude Include="stage_Detention.h">
      <Filter>playGround\stage</Filter>
    </ClInclude>
    <ClInclude Include="idleState.h">
      <Filter>playGround\player\state</Filter>
    </ClInclude>
    <ClInclude Include="jumpState.h">
      <Filter>playGround\player\state</Filter>
    </ClInclude>
    <ClInclude Include="runState.h">
      <Filter>playGround\player\state</Filter>
    </ClInclude>
    <ClInclude Include="skillState.h">
      <Filter>playGround\player\state</Filter>
    </ClInclude>
    <ClInclude Include="state.h">
      <Filter>playGround\player\state</Filter>
    </ClInclude>
    <ClInclude Include="comboState.h">
      <Filter>playGround\player\state</Filter>
    </ClInclude>
    <ClInclude Include="strongAttackState.h">
      <Filter>playGround\player\state</Filter>
    </ClInclude>
    <ClInclude Include="walkState.h">
      <Filter>playGround\player\state</Filter>
    </ClInclude>
    <ClInclude Include="stage.h">
      <Filter>playGround\stage</Filter>
    </ClInclude>
    <ClInclude Include="stage_2ndFloor_HallA.h">
      <Filter>playGround\stage</Filter>
    </ClInclude>
    <ClInclude Include="stage_2ndFloor_room.h">
      <Filter>playGround\stage</Filter>
    </ClInclude>
    <ClInclude Include="stage_2ndFloor_HallB.h">
      <Filter>playGround\stage</Filter>
    </ClInclude>
    <ClInclude Include="stage_1stFloor_HallA.h">
      <Filter>playGround\stage</Filter>
    </ClInclude>
    <ClInclude Include="stage_1stFloor_room.h">
      <Filter>playGround\stage</Filter>
    </ClInclude>
    <ClInclude Include="stage_1stFloor_HallB.h">
      <Filter>playGround\stage</Filter>
    </ClInclude>
    <ClInclude Include="stage_cafeteria.h">
      <Filter>playGround\stage</Filter>
    </ClInclude>
    <ClInclude Include="stage_lobby.h">
      <Filter>playGround\stage</Filter>
    </ClInclude>
    <ClInclude Include="jumpStrongAttackState.h">
      <Filter>playGround\player\state</Filter>
    </ClInclude>
    <ClInclude Include="hitState.h">
      <Filter>playGround\player\state</Filter>
    </ClInclude>
    <ClInclude Include="hitAndDownState.h">
      <Filter>playGround\player\state</Filter>
    </ClInclude>
    <ClInclude Include="fallState.h">
      <Filter>playGround\player\state</Filter>
    </ClInclude>
    <ClInclude Include="flyAndDownState.h">
      <Filter>playGround\player\state</Filter>
    </ClInclude>
    <ClInclude Include="downState.h">
      <Filter>playGround\player\state</Filter>
    </ClInclude>
    <ClInclude Include="dashAttackState.h">
      <Filter>playGround\player\state</Filter>
    </ClInclude>
    <ClInclude Include="deadState.h">
      <Filter>playGround\player\state</Filter>
    </ClInclude>
    <ClInclude Include="Enemy_Tount_Boss.h">
      <Filter>playGround\enemy</Filter>
    </ClInclude>
    <ClInclude Include="Enemy_Wake_Up.h">
      <Filter>playGround\enemy</Filter>
    </ClInclude>
    <ClInclude Include="Enemy_Wake_Up_Attack_Boss.h">
      <Filter>playGround\enemy</Filter>
    </ClInclude>
    <ClInclude Include="enemyManager.h">
      <Filter>playGround\enemy</Filter>
    </ClInclude>
    <ClInclude Include="Enemy_Attack.h">
      <Filter>playGround\enemy</Filter>
    </ClInclude>
    <ClInclude Include="Enemy_Attack_1_Boss.h">
      <Filter>playGround\enemy</Filter>
    </ClInclude>
    <ClInclude Include="Enemy_Attack_2.h">
      <Filter>playGround\enemy</Filter>
    </ClInclude>
    <ClInclude Include="Enemy_Attack_2_Boss.h">
      <Filter>playGround\enemy</Filter>
    </ClInclude>
    <ClInclude Include="Enemy_Attack_3.h">
      <Filter>playGround\enemy</Filter>
    </ClInclude>
    <ClInclude Include="Enemy_Attack_3_Boss.h">
      <Filter>playGround\enemy</Filter>
    </ClInclude>
    <ClInclude Include="Enemy_Basic.h">
      <Filter>playGround\enemy</Filter>
    </ClInclude>
    <ClInclude Include="Enemy_Damaged_1.h">
      <Filter>playGround\enemy</Filter>
    </ClInclude>
    <ClInclude Include="Enemy_Damaged_2.h">
      <Filter>playGround\enemy</Filter>
    </ClInclude>
    <ClInclude Include="Enemy_Damaged_3.h">
      <Filter>playGround\enemy</Filter>
    </ClInclude>
    <ClInclude Include="Enemy_Dash_Attack_Boss.h">
      <Filter>playGround\enemy</Filter>
    </ClInclude>
    <ClInclude Include="Enemy_DashAttack.h">
      <Filter>playGround\enemy</Filter>
    </ClInclude>
    <ClInclude Include="Enemy_Die.h">
      <Filter>playGround\enemy</Filter>
    </ClInclude>
    <ClInclude Include="Enemy_Ground_Hitted.h">
      <Filter>playGround\enemy</Filter>
    </ClInclude>
    <ClInclude Include="Enemy_Ground_Hitted_Boss.h">
      <Filter>playGround\enemy</Filter>
    </ClInclude>
    <ClInclude Include="Enemy_Guard.h">
      <Filter>playGround\enemy</Filter>
    </ClInclude>
    <ClInclude Include="Enemy_Idle.h">
      <Filter>playGround\enemy</Filter>
    </ClInclude>
    <ClInclude Include="Enemy_Idle_Boss.h">
      <Filter>playGround\enemy</Filter>
    </ClInclude>
    <ClInclude Include="Enemy_Jump.h">
      <Filter>playGround\enemy</Filter>
    </ClInclude>
    <ClInclude Include="Enemy_Jump_Attack_Boss.h">
      <Filter>playGround\enemy</Filter>
    </ClInclude>
    <ClInclude Include="Enemy_Jump_Attack_not_stun.h">
      <Filter>playGround\enemy</Filter>
    </ClInclude>
    <ClInclude Include="Enemy_Jump_Attack_Ready.h">
      <Filter>playGround\enemy</Filter>
    </ClInclude>
    <ClInclude Include="Enemy_Jump_Attack_stun_Boss.h">
      <Filter>playGround\enemy</Filter>
    </ClInclude>
    <ClInclude Include="Enemy_JumpAttack.h">
      <Filter>playGround\enemy</Filter>
    </ClInclude>
    <ClInclude Include="Enemy_Knock_Down_1_Boss.h">
      <Filter>playGround\enemy</Filter>
    </ClInclude>
    <ClInclude Include="Enemy_Knock_Down_2_Boss.h">
      <Filter>playGround\enemy</Filter>
    </ClInclude>
    <ClInclude Include="Enemy_knockDown.h">
      <Filter>playGround\enemy</Filter>
    </ClInclude>
    <ClInclude Include="Enemy_KnockDown_2.h">
      <Filter>playGround\enemy</Filter>
    </ClInclude>
    <ClInclude Include="Enemy_Misuzu_Boss.h">
      <Filter>playGround\enemy</Filter>
    </ClInclude>
    <ClInclude Include="Enemy_Move.h">
      <Filter>playGround\enemy</Filter>
    </ClInclude>
    <ClInclude Include="Enemy_Move_Boss.h">
      <Filter>playGround\enemy</Filter>
    </ClInclude>
    <ClInclude Include="Enemy_Power_Attack_Boss.h">
      <Filter>playGround\enemy</Filter>
    </ClInclude>
    <ClInclude Include="Enemy_Power_Up_Boss.h">
      <Filter>playGround\enemy</Filter>
    </ClInclude>
    <ClInclude Include="Enemy_Run.h">
      <Filter>playGround\enemy</Filter>
    </ClInclude>
    <ClInclude Include="Enemy_School_boy.h">
      <Filter>playGround\enemy</Filter>
    </ClInclude>
    <ClInclude Include="Enemy_School_Girl.h">
      <Filter>playGround\enemy</Filter>
    </ClInclude>
    <ClInclude Include="Enemy_State.h">
      <Filter>playGround\enemy</Filter>
    </ClInclude>
    <ClInclude Include="dataManager.h">
      <Filter>2DGameFramework\Manager</Filter>
    </ClInclude>
    <ClInclude Include="loading.h">
      <Filter>playGround\scene</Filter>
    </ClInclude>
    <ClInclude Include="jumpAttackState.h">
      <Filter>playGround\player\state</Filter>
    </ClInclude>
    <ClInclude Include="Enemy_Dash_Attack_Ready.h">
      <Filter>playGround\enemy</Filter>
    </ClInclude>
    <ClInclude Include="streamManager.h">
      <Filter>2DGameFramework\Manager</Filter>
    </ClInclude>
    <ClInclude Include="video.h">
      <Filter>2DGameFramework\video</Filter>
    </ClInclude>
    <ClInclude Include="UI.h">
      <Filter>playGround\UI</Filter>
    </ClInclude>
    <ClInclude Include="txtDialog.h">
      <Filter>playGround\txt</Filter>
    </ClInclude>
    <ClInclude Include="intro.h">
      <Filter>playGround\scene</Filter>
    </ClInclude>
    <ClInclude Include="logo.h">
      <Filter>playGround\scene</Filter>
    </ClInclude>
    <ClInclude Include="manga.h">
      <Filter>playGround\scene</Filter>
    </ClInclude>
    <ClInclude Include="saveLode.h">
      <Filter>playGround\scene</Filter>
    </ClInclude>
    <ClInclude Include="title.h">
      <Filter>playGround\scene</Filter>
    </ClInclude>
    <ClInclude Include="bossIntro.h">
      <Filter>playGround\scene</Filter>
    </ClInclude>
    <ClInclude Include="Enemy_Attacked_2_Boss.h">
      <Filter>playGround\enemy</Filter>
    </ClInclude>
    <ClInclude Include="Enemy_Attacked_3_Boss.h">
      <Filter>playGround\enemy</Filter>
    </ClInclude>
    <ClInclude Include="Enemy_Attacked_1_Boss.h">
      <Filter>playGround\enemy</Filter>
    </ClInclude>
  </ItemGroup>
  <ItemGroup>
    <ClCompile Include="stdafx.cpp">
      <Filter>소스 파일</Filter>
    </ClCompile>
    <ClCompile Include="winMain.cpp">
      <Filter>소스 파일</Filter>
    </ClCompile>
    <ClCompile Include="gameNode.cpp">
      <Filter>2DGameFramework</Filter>
    </ClCompile>
    <ClCompile Include="playGround.cpp">
      <Filter>playGround</Filter>
    </ClCompile>
    <ClCompile Include="keyManager.cpp">
      <Filter>2DGameFramework\Manager</Filter>
    </ClCompile>
    <ClCompile Include="image.cpp">
      <Filter>2DGameFramework\image</Filter>
    </ClCompile>
    <ClCompile Include="utils.cpp">
      <Filter>2DGameFramework\Utils</Filter>
    </ClCompile>
    <ClCompile Include="imageManager.cpp">
      <Filter>2DGameFramework\Manager</Filter>
    </ClCompile>
    <ClCompile Include="progressBar.cpp">
      <Filter>2DGameFramework\progressBar</Filter>
    </ClCompile>
    <ClCompile Include="txtData.cpp">
      <Filter>2DGameFramework\txtData</Filter>
    </ClCompile>
    <ClCompile Include="timer.cpp">
      <Filter>2DGameFramework\timer</Filter>
    </ClCompile>
    <ClCompile Include="timeManager.cpp">
      <Filter>2DGameFramework\Manager</Filter>
    </ClCompile>
    <ClCompile Include="animation.cpp">
      <Filter>2DGameFramework\animation</Filter>
    </ClCompile>
    <ClCompile Include="effect.cpp">
      <Filter>2DGameFramework\effect</Filter>
    </ClCompile>
    <ClCompile Include="effectManager.cpp">
      <Filter>2DGameFramework\Manager</Filter>
    </ClCompile>
    <ClCompile Include="sceneManager.cpp">
      <Filter>2DGameFramework\Manager</Filter>
    </ClCompile>
    <ClCompile Include="soundManager.cpp">
      <Filter>2DGameFramework\Manager</Filter>
    </ClCompile>
    <ClCompile Include="button.cpp">
      <Filter>2DGameFramework\button</Filter>
    </ClCompile>
    <ClCompile Include="action.cpp">
      <Filter>2DGameFramework\action</Filter>
    </ClCompile>
    <ClCompile Include="keyAniManager.cpp">
      <Filter>2DGameFramework\Manager</Filter>
    </ClCompile>
    <ClCompile Include="iniDataManager.cpp">
      <Filter>2DGameFramework\Manager</Filter>
    </ClCompile>
    <ClCompile Include="testScene.cpp">
      <Filter>playGround\stage</Filter>
    </ClCompile>
    <ClCompile Include="player.cpp">
      <Filter>playGround\player</Filter>
    </ClCompile>
    <ClCompile Include="renderManager.cpp">
      <Filter>2DGameFramework\Manager</Filter>
    </ClCompile>
    <ClCompile Include="stage_3rdFloor_Corridor.cpp">
      <Filter>playGround\stage</Filter>
    </ClCompile>
    <ClCompile Include="stage_Detention.cpp">
      <Filter>playGround\stage</Filter>
    </ClCompile>
    <ClCompile Include="jumpState.cpp">
      <Filter>playGround\player\state</Filter>
    </ClCompile>
    <ClCompile Include="runState.cpp">
      <Filter>playGround\player\state</Filter>
    </ClCompile>
    <ClCompile Include="skillState.cpp">
      <Filter>playGround\player\state</Filter>
    </ClCompile>
    <ClCompile Include="state.cpp">
      <Filter>playGround\player\state</Filter>
    </ClCompile>
    <ClCompile Include="comboState.cpp">
      <Filter>playGround\player\state</Filter>
    </ClCompile>
    <ClCompile Include="idleState.cpp">
      <Filter>playGround\player\state</Filter>
    </ClCompile>
    <ClCompile Include="walkState.cpp">
      <Filter>playGround\player\state</Filter>
    </ClCompile>
    <ClCompile Include="strongAttackState.cpp">
      <Filter>playGround\player\state</Filter>
    </ClCompile>
    <ClCompile Include="stage.cpp">
      <Filter>playGround\stage</Filter>
    </ClCompile>
    <ClCompile Include="stage_2ndFloor_HallA.cpp">
      <Filter>playGround\stage</Filter>
    </ClCompile>
    <ClCompile Include="stage_2ndFloor_room.cpp">
      <Filter>playGround\stage</Filter>
    </ClCompile>
    <ClCompile Include="stage_2ndFloor_HallB.cpp">
      <Filter>playGround\stage</Filter>
    </ClCompile>
    <ClCompile Include="stage_1stFloor_HallA.cpp">
      <Filter>playGround\stage</Filter>
    </ClCompile>
    <ClCompile Include="stage_1stFloor_room.cpp">
      <Filter>playGround\stage</Filter>
    </ClCompile>
    <ClCompile Include="stage_1stFloor_HallB.cpp">
      <Filter>playGround\stage</Filter>
    </ClCompile>
    <ClCompile Include="stage_lobby.cpp">
      <Filter>playGround\stage</Filter>
    </ClCompile>
    <ClCompile Include="stage_cafeteria.cpp">
      <Filter>playGround\stage</Filter>
    </ClCompile>
    <ClCompile Include="jumpStrongAttackState.cpp">
      <Filter>playGround\player\state</Filter>
    </ClCompile>
    <ClCompile Include="hitAndDownState.cpp">
      <Filter>playGround\player\state</Filter>
    </ClCompile>
    <ClCompile Include="hitState.cpp">
      <Filter>playGround\player\state</Filter>
    </ClCompile>
    <ClCompile Include="flyAndDownState.cpp">
      <Filter>playGround\player\state</Filter>
    </ClCompile>
    <ClCompile Include="fallState.cpp">
      <Filter>playGround\player\state</Filter>
    </ClCompile>
    <ClCompile Include="downState.cpp">
      <Filter>playGround\player\state</Filter>
    </ClCompile>
    <ClCompile Include="dashAttackState.cpp">
      <Filter>playGround\player\state</Filter>
    </ClCompile>
    <ClCompile Include="deadState.cpp">
      <Filter>playGround\player\state</Filter>
    </ClCompile>
    <ClCompile Include="Enemy_Wake_Up.cpp">
      <Filter>playGround\enemy</Filter>
    </ClCompile>
    <ClCompile Include="Enemy_Wake_Up_Attack_Boss.cpp">
      <Filter>playGround\enemy</Filter>
    </ClCompile>
    <ClCompile Include="enemyManager.cpp">
      <Filter>playGround\enemy</Filter>
    </ClCompile>
    <ClCompile Include="Enemy_Attack.cpp">
      <Filter>playGround\enemy</Filter>
    </ClCompile>
    <ClCompile Include="Enemy_Attack_1_Boss.cpp">
      <Filter>playGround\enemy</Filter>
    </ClCompile>
    <ClCompile Include="Enemy_Attack_2.cpp">
      <Filter>playGround\enemy</Filter>
    </ClCompile>
    <ClCompile Include="Enemy_Attack_2_Boss.cpp">
      <Filter>playGround\enemy</Filter>
    </ClCompile>
    <ClCompile Include="Enemy_Attack_3.cpp">
      <Filter>playGround\enemy</Filter>
    </ClCompile>
    <ClCompile Include="Enemy_Attack_3_Boss.cpp">
      <Filter>playGround\enemy</Filter>
    </ClCompile>
    <ClCompile Include="Enemy_Basic.cpp">
      <Filter>playGround\enemy</Filter>
    </ClCompile>
    <ClCompile Include="Enemy_Damaged_1.cpp">
      <Filter>playGround\enemy</Filter>
    </ClCompile>
    <ClCompile Include="Enemy_Damaged_2.cpp">
      <Filter>playGround\enemy</Filter>
    </ClCompile>
    <ClCompile Include="Enemy_Damaged_3.cpp">
      <Filter>playGround\enemy</Filter>
    </ClCompile>
    <ClCompile Include="Enemy_Dash_Attack_Boss.cpp">
      <Filter>playGround\enemy</Filter>
    </ClCompile>
    <ClCompile Include="Enemy_DashAttack.cpp">
      <Filter>playGround\enemy</Filter>
    </ClCompile>
    <ClCompile Include="Enemy_Die.cpp">
      <Filter>playGround\enemy</Filter>
    </ClCompile>
    <ClCompile Include="Enemy_Ground_Hitted.cpp">
      <Filter>playGround\enemy</Filter>
    </ClCompile>
    <ClCompile Include="Enemy_Ground_Hitted_Boss.cpp">
      <Filter>playGround\enemy</Filter>
    </ClCompile>
    <ClCompile Include="Enemy_Guard.cpp">
      <Filter>playGround\enemy</Filter>
    </ClCompile>
    <ClCompile Include="Enemy_Idle.cpp">
      <Filter>playGround\enemy</Filter>
    </ClCompile>
    <ClCompile Include="Enemy_Idle_Boss.cpp">
      <Filter>playGround\enemy</Filter>
    </ClCompile>
    <ClCompile Include="Enemy_Jump.cpp">
      <Filter>playGround\enemy</Filter>
    </ClCompile>
    <ClCompile Include="Enemy_Jump_Attack_Boss.cpp">
      <Filter>playGround\enemy</Filter>
    </ClCompile>
    <ClCompile Include="Enemy_Jump_Attack_not_stun.cpp">
      <Filter>playGround\enemy</Filter>
    </ClCompile>
    <ClCompile Include="Enemy_Jump_Attack_Ready.cpp">
      <Filter>playGround\enemy</Filter>
    </ClCompile>
    <ClCompile Include="Enemy_Jump_Attack_stun_Boss.cpp">
      <Filter>playGround\enemy</Filter>
    </ClCompile>
    <ClCompile Include="Enemy_JumpAttack.cpp">
      <Filter>playGround\enemy</Filter>
    </ClCompile>
    <ClCompile Include="Enemy_Knock_Down_1_Boss.cpp">
      <Filter>playGround\enemy</Filter>
    </ClCompile>
    <ClCompile Include="Enemy_Knock_Down_2_Boss.cpp">
      <Filter>playGround\enemy</Filter>
    </ClCompile>
    <ClCompile Include="Enemy_knockDown.cpp">
      <Filter>playGround\enemy</Filter>
    </ClCompile>
    <ClCompile Include="Enemy_KnockDown_2.cpp">
      <Filter>playGround\enemy</Filter>
    </ClCompile>
    <ClCompile Include="Enemy_Misuzu_Boss.cpp">
      <Filter>playGround\enemy</Filter>
    </ClCompile>
    <ClCompile Include="Enemy_Move.cpp">
      <Filter>playGround\enemy</Filter>
    </ClCompile>
    <ClCompile Include="Enemy_Move_Boss.cpp">
      <Filter>playGround\enemy</Filter>
    </ClCompile>
    <ClCompile Include="Enemy_Power_Attack_Boss.cpp">
      <Filter>playGround\enemy</Filter>
    </ClCompile>
    <ClCompile Include="Enemy_Power_Up_Boss.cpp">
      <Filter>playGround\enemy</Filter>
    </ClCompile>
    <ClCompile Include="Enemy_Run.cpp">
      <Filter>playGround\enemy</Filter>
    </ClCompile>
    <ClCompile Include="Enemy_School_boy.cpp">
      <Filter>playGround\enemy</Filter>
    </ClCompile>
    <ClCompile Include="Enemy_School_Girl.cpp">
      <Filter>playGround\enemy</Filter>
    </ClCompile>
    <ClCompile Include="Enemy_State.cpp">
      <Filter>playGround\enemy</Filter>
    </ClCompile>
    <ClCompile Include="Enemy_Tount_Boss.cpp">
      <Filter>playGround\enemy</Filter>
    </ClCompile>
    <ClCompile Include="dataManager.cpp">
      <Filter>2DGameFramework\Manager</Filter>
    </ClCompile>
    <ClCompile Include="loading.cpp">
      <Filter>playGround\scene</Filter>
    </ClCompile>
    <ClCompile Include="jumpAttackState.cpp">
      <Filter>playGround\player\state</Filter>
    </ClCompile>
    <ClCompile Include="Enemy_Dash_Attack_Ready.cpp">
      <Filter>playGround\enemy</Filter>
    </ClCompile>
    <ClCompile Include="streamManager.cpp">
      <Filter>2DGameFramework\Manager</Filter>
    </ClCompile>
    <ClCompile Include="video.cpp">
      <Filter>2DGameFramework\video</Filter>
    </ClCompile>
    <ClCompile Include="UI.cpp">
      <Filter>playGround\UI</Filter>
    </ClCompile>
    <ClCompile Include="txtDialog.cpp">
      <Filter>playGround\txt</Filter>
    </ClCompile>
    <ClCompile Include="intro.cpp">
      <Filter>playGround\scene</Filter>
    </ClCompile>
    <ClCompile Include="logo.cpp">
      <Filter>playGround\scene</Filter>
    </ClCompile>
    <ClCompile Include="manga.cpp">
      <Filter>playGround\scene</Filter>
    </ClCompile>
    <ClCompile Include="saveLode.cpp">
      <Filter>playGround\scene</Filter>
    </ClCompile>
    <ClCompile Include="title.cpp">
      <Filter>playGround\scene</Filter>
    </ClCompile>
    <ClCompile Include="bossIntro.cpp">
      <Filter>playGround\scene</Filter>
    </ClCompile>
    <ClCompile Include="Enemy_Attacked_2_Boss.cpp">
      <Filter>playGround\enemy</Filter>
    </ClCompile>
    <ClCompile Include="Enemy_Attacked_3_Boss.cpp">
      <Filter>playGround\enemy</Filter>
    </ClCompile>
    <ClCompile Include="Enemy_Attacked_1_Boss.cpp">
      <Filter>playGround\enemy</Filter>
    </ClCompile>
  </ItemGroup>
  <ItemGroup>
    <ResourceCompile Include="windowAPI.rc">
      <Filter>리소스 파일</Filter>
    </ResourceCompile>
  </ItemGroup>
  <ItemGroup>
    <Image Include="small.ico">
      <Filter>리소스 파일</Filter>
    </Image>
    <Image Include="windowAPI.ico">
      <Filter>리소스 파일</Filter>
    </Image>
  </ItemGroup>
</Project>